// !$*UTF8*$!
{
	archiveVersion = 1;
	classes = {
	};
	objectVersion = 77;
	objects = {

/* Begin PBXContainerItemProxy section */
		65683B6A2F84275F00B6A903 /* PBXContainerItemProxy */ = {
			isa = PBXContainerItemProxy;
			containerPortal = 65683B542F84275C00B6A903 /* Project object */;
			proxyType = 1;
			remoteGlobalIDString = 65683B5B2F84275C00B6A903;
			remoteInfo = MalankaraOrthodoxLiturgica;
		};
		65683B742F84275F00B6A903 /* PBXContainerItemProxy */ = {
			isa = PBXContainerItemProxy;
			containerPortal = 65683B542F84275C00B6A903 /* Project object */;
			proxyType = 1;
			remoteGlobalIDString = 65683B5B2F84275C00B6A903;
			remoteInfo = MalankaraOrthodoxLiturgica;
		};
/* End PBXContainerItemProxy section */

/* Begin PBXFileReference section */
		65683B5C2F84275C00B6A903 /* MalankaraOrthodoxLiturgica.app */ = {isa = PBXFileReference; explicitFileType = wrapper.application; includeInIndex = 0; path = MalankaraOrthodoxLiturgica.app; sourceTree = BUILT_PRODUCTS_DIR; };
		65683B692F84275F00B6A903 /* MalankaraOrthodoxLiturgicaTests.xctest */ = {isa = PBXFileReference; explicitFileType = wrapper.cfbundle; includeInIndex = 0; path = MalankaraOrthodoxLiturgicaTests.xctest; sourceTree = BUILT_PRODUCTS_DIR; };
		65683B732F84275F00B6A903 /* MalankaraOrthodoxLiturgicaUITests.xctest */ = {isa = PBXFileReference; explicitFileType = wrapper.cfbundle; includeInIndex = 0; path = MalankaraOrthodoxLiturgicaUITests.xctest; sourceTree = BUILT_PRODUCTS_DIR; };
/* End PBXFileReference section */

/* Begin PBXFileSystemSynchronizedRootGroup section */
		65683B5E2F84275C00B6A903 /* MalankaraOrthodoxLiturgica */ = {
			isa = PBXFileSystemSynchronizedRootGroup;
			path = MalankaraOrthodoxLiturgica;
			sourceTree = "<group>";
		};
		65683B6C2F84275F00B6A903 /* MalankaraOrthodoxLiturgicaTests */ = {
			isa = PBXFileSystemSynchronizedRootGroup;
			path = MalankaraOrthodoxLiturgicaTests;
			sourceTree = "<group>";
		};
		65683B762F84275F00B6A903 /* MalankaraOrthodoxLiturgicaUITests */ = {
			isa = PBXFileSystemSynchronizedRootGroup;
			path = MalankaraOrthodoxLiturgicaUITests;
			sourceTree = "<group>";
		};
/* End PBXFileSystemSynchronizedRootGroup section */

/* Begin PBXFrameworksBuildPhase section */
		65683B592F84275C00B6A903 /* Frameworks */ = {
			isa = PBXFrameworksBuildPhase;
			buildActionMask = 2147483647;
			files = (
			);
			runOnlyForDeploymentPostprocessing = 0;
		};
		65683B662F84275F00B6A903 /* Frameworks */ = {
			isa = PBXFrameworksBuildPhase;
			buildActionMask = 2147483647;
			files = (
			);
			runOnlyForDeploymentPostprocessing = 0;
		};
		65683B702F84275F00B6A903 /* Frameworks */ = {
			isa = PBXFrameworksBuildPhase;
			buildActionMask = 2147483647;
			files = (
			);
			runOnlyForDeploymentPostprocessing = 0;
		};
/* End PBXFrameworksBuildPhase section */

/* Begin PBXGroup section */
		65683B532F84275C00B6A903 = {
			isa = PBXGroup;
			children = (
				65683B5E2F84275C00B6A903 /* MalankaraOrthodoxLiturgica */,
				65683B6C2F84275F00B6A903 /* MalankaraOrthodoxLiturgicaTests */,
				65683B762F84275F00B6A903 /* MalankaraOrthodoxLiturgicaUITests */,
				65683B5D2F84275C00B6A903 /* Products */,
			);
			sourceTree = "<group>";
		};
		65683B5D2F84275C00B6A903 /* Products */ = {
			isa = PBXGroup;
			children = (
				65683B5C2F84275C00B6A903 /* MalankaraOrthodoxLiturgica.app */,
				65683B692F84275F00B6A903 /* MalankaraOrthodoxLiturgicaTests.xctest */,
				65683B732F84275F00B6A903 /* MalankaraOrthodoxLiturgicaUITests.xctest */,
			);
			name = Products;
			sourceTree = "<group>";
		};
/* End PBXGroup section */

/* Begin PBXNativeTarget section */
		65683B5B2F84275C00B6A903 /* MalankaraOrthodoxLiturgica */ = {
			isa = PBXNativeTarget;
			buildConfigurationList = 65683B7D2F84275F00B6A903 /* Build configuration list for PBXNativeTarget "MalankaraOrthodoxLiturgica" */;
			buildPhases = (
				650CDF502F842871009C7889 /* ShellScript */,
				65683B582F84275C00B6A903 /* Sources */,
				65683B592F84275C00B6A903 /* Frameworks */,
				65683B5A2F84275C00B6A903 /* Resources */,
			);
			buildRules = (
			);
			dependencies = (
			);
			fileSystemSynchronizedGroups = (
				65683B5E2F84275C00B6A903 /* MalankaraOrthodoxLiturgica */,
			);
			name = MalankaraOrthodoxLiturgica;
			packageProductDependencies = (
			);
			productName = MalankaraOrthodoxLiturgica;
			productReference = 65683B5C2F84275C00B6A903 /* MalankaraOrthodoxLiturgica.app */;
			productType = "com.apple.product-type.application";
		};
		65683B682F84275F00B6A903 /* MalankaraOrthodoxLiturgicaTests */ = {
			isa = PBXNativeTarget;
			buildConfigurationList = 65683B802F84275F00B6A903 /* Build configuration list for PBXNativeTarget "MalankaraOrthodoxLiturgicaTests" */;
			buildPhases = (
				65683B652F84275F00B6A903 /* Sources */,
				65683B662F84275F00B6A903 /* Frameworks */,
				65683B672F84275F00B6A903 /* Resources */,
			);
			buildRules = (
			);
			dependencies = (
				65683B6B2F84275F00B6A903 /* PBXTargetDependency */,
			);
			fileSystemSynchronizedGroups = (
				65683B6C2F84275F00B6A903 /* MalankaraOrthodoxLiturgicaTests */,
			);
			name = MalankaraOrthodoxLiturgicaTests;
			packageProductDependencies = (
			);
			productName = MalankaraOrthodoxLiturgicaTests;
			productReference = 65683B692F84275F00B6A903 /* MalankaraOrthodoxLiturgicaTests.xctest */;
			productType = "com.apple.product-type.bundle.unit-test";
		};
		65683B722F84275F00B6A903 /* MalankaraOrthodoxLiturgicaUITests */ = {
			isa = PBXNativeTarget;
			buildConfigurationList = 65683B832F84275F00B6A903 /* Build configuration list for PBXNativeTarget "MalankaraOrthodoxLiturgicaUITests" */;
			buildPhases = (
				65683B6F2F84275F00B6A903 /* Sources */,
				65683B702F84275F00B6A903 /* Frameworks */,
				65683B712F84275F00B6A903 /* Resources */,
			);
			buildRules = (
			);
			dependencies = (
				65683B752F84275F00B6A903 /* PBXTargetDependency */,
			);
			fileSystemSynchronizedGroups = (
				65683B762F84275F00B6A903 /* MalankaraOrthodoxLiturgicaUITests */,
			);
			name = MalankaraOrthodoxLiturgicaUITests;
			packageProductDependencies = (
			);
			productName = MalankaraOrthodoxLiturgicaUITests;
			productReference = 65683B732F84275F00B6A903 /* MalankaraOrthodoxLiturgicaUITests.xctest */;
			productType = "com.apple.product-type.bundle.ui-testing";
		};
/* End PBXNativeTarget section */

/* Begin PBXProject section */
		65683B542F84275C00B6A903 /* Project object */ = {
			isa = PBXProject;
			attributes = {
				BuildIndependentTargetsInParallel = 1;
				LastSwiftUpdateCheck = 2640;
				LastUpgradeCheck = 2640;
				TargetAttributes = {
					65683B5B2F84275C00B6A903 = {
						CreatedOnToolsVersion = 26.4;
					};
					65683B682F84275F00B6A903 = {
						CreatedOnToolsVersion = 26.4;
						TestTargetID = 65683B5B2F84275C00B6A903;
					};
					65683B722F84275F00B6A903 = {
						CreatedOnToolsVersion = 26.4;
						TestTargetID = 65683B5B2F84275C00B6A903;
					};
				};
			};
			buildConfigurationList = 65683B572F84275C00B6A903 /* Build configuration list for PBXProject "MalankaraOrthodoxLiturgica" */;
			developmentRegion = en;
			hasScannedForEncodings = 0;
			knownRegions = (
				en,
				Base,
			);
			mainGroup = 65683B532F84275C00B6A903;
			minimizedProjectReferenceProxies = 1;
			preferredProjectObjectVersion = 77;
			productRefGroup = 65683B5D2F84275C00B6A903 /* Products */;
			projectDirPath = "";
			projectRoot = "";
			targets = (
				65683B5B2F84275C00B6A903 /* MalankaraOrthodoxLiturgica */,
				65683B682F84275F00B6A903 /* MalankaraOrthodoxLiturgicaTests */,
				65683B722F84275F00B6A903 /* MalankaraOrthodoxLiturgicaUITests */,
			);
		};
/* End PBXProject section */

/* Begin PBXResourcesBuildPhase section */
		65683B5A2F84275C00B6A903 /* Resources */ = {
			isa = PBXResourcesBuildPhase;
			buildActionMask = 2147483647;
			files = (
			);
			runOnlyForDeploymentPostprocessing = 0;
		};
		65683B672F84275F00B6A903 /* Resources */ = {
			isa = PBXResourcesBuildPhase;
			buildActionMask = 2147483647;
			files = (
			);
			runOnlyForDeploymentPostprocessing = 0;
		};
		65683B712F84275F00B6A903 /* Resources */ = {
			isa = PBXResourcesBuildPhase;
			buildActionMask = 2147483647;
			files = (
			);
			runOnlyForDeploymentPostprocessing = 0;
		};
/* End PBXResourcesBuildPhase section */

/* Begin PBXShellScriptBuildPhase section */
		650CDF502F842871009C7889 /* ShellScript */ = {
			isa = PBXShellScriptBuildPhase;
			alwaysOutOfDate = 1;
			buildActionMask = 2147483647;
			files = (
			);
			inputFileListPaths = (
			);
			inputPaths = (
			);
			outputFileListPaths = (
			);
			outputPaths = (
			);
			runOnlyForDeploymentPostprocessing = 0;
			shellPath = /bin/sh;
			shellScript = "# Type a script or drag a script file from your workspace to insert its path.\ncd \"$SRCROOT/..\"\n./gradlew :shared:embedAndSignAppleFrameworkForXcode\n";
		};
/* End PBXShellScriptBuildPhase section */

/* Begin PBXSourcesBuildPhase section */
		65683B582F84275C00B6A903 /* Sources */ = {
			isa = PBXSourcesBuildPhase;
			buildActionMask = 2147483647;
			files = (
			);
			runOnlyForDeploymentPostprocessing = 0;
		};
		65683B652F84275F00B6A903 /* Sources */ = {
			isa = PBXSourcesBuildPhase;
			buildActionMask = 2147483647;
			files = (
			);
			runOnlyForDeploymentPostprocessing = 0;
		};
		65683B6F2F84275F00B6A903 /* Sources */ = {
			isa = PBXSourcesBuildPhase;
			buildActionMask = 2147483647;
			files = (
			);
			runOnlyForDeploymentPostprocessing = 0;
		};
/* End PBXSourcesBuildPhase section */

/* Begin PBXTargetDependency section */
		65683B6B2F84275F00B6A903 /* PBXTargetDependency */ = {
			isa = PBXTargetDependency;
			target = 65683B5B2F84275C00B6A903 /* MalankaraOrthodoxLiturgica */;
			targetProxy = 65683B6A2F84275F00B6A903 /* PBXContainerItemProxy */;
		};
		65683B752F84275F00B6A903 /* PBXTargetDependency */ = {
			isa = PBXTargetDependency;
			target = 65683B5B2F84275C00B6A903 /* MalankaraOrthodoxLiturgica */;
			targetProxy = 65683B742F84275F00B6A903 /* PBXContainerItemProxy */;
		};
/* End PBXTargetDependency section */

/* Begin XCBuildConfiguration section */
		65683B7B2F84275F00B6A903 /* Debug */ = {
			isa = XCBuildConfiguration;
			buildSettings = {
				ALWAYS_SEARCH_USER_PATHS = NO;
				ASSETCATALOG_COMPILER_GENERATE_SWIFT_ASSET_SYMBOL_EXTENSIONS = YES;
				CLANG_ANALYZER_NONNULL = YES;
				CLANG_ANALYZER_NUMBER_OBJECT_CONVERSION = YES_AGGRESSIVE;
				CLANG_CXX_LANGUAGE_STANDARD = "gnu++20";
				CLANG_ENABLE_MODULES = YES;
				CLANG_ENABLE_OBJC_ARC = YES;
				CLANG_ENABLE_OBJC_WEAK = YES;
				CLANG_WARN_BLOCK_CAPTURE_AUTORELEASING = YES;
				CLANG_WARN_BOOL_CONVERSION = YES;
				CLANG_WARN_COMMA = YES;
				CLANG_WARN_CONSTANT_CONVERSION = YES;
				CLANG_WARN_DEPRECATED_OBJC_IMPLEMENTATIONS = YES;
				CLANG_WARN_DIRECT_OBJC_ISA_USAGE = YES_ERROR;
				CLANG_WARN_DOCUMENTATION_COMMENTS = YES;
				CLANG_WARN_EMPTY_BODY = YES;
				CLANG_WARN_ENUM_CONVERSION = YES;
				CLANG_WARN_INFINITE_RECURSION = YES;
				CLANG_WARN_INT_CONVERSION = YES;
				CLANG_WARN_NON_LITERAL_NULL_CONVERSION = YES;
				CLANG_WARN_OBJC_IMPLICIT_RETAIN_SELF = YES;
				CLANG_WARN_OBJC_LITERAL_CONVERSION = YES;
				CLANG_WARN_OBJC_ROOT_CLASS = YES_ERROR;
				CLANG_WARN_QUOTED_INCLUDE_IN_FRAMEWORK_HEADER = YES;
				CLANG_WARN_RANGE_LOOP_ANALYSIS = YES;
				CLANG_WARN_STRICT_PROTOTYPES = YES;
				CLANG_WARN_SUSPICIOUS_MOVE = YES;
				CLANG_WARN_UNGUARDED_AVAILABILITY = YES_AGGRESSIVE;
				CLANG_WARN_UNREACHABLE_CODE = YES;
				CLANG_WARN__DUPLICATE_METHOD_MATCH = YES;
				COPY_PHASE_STRIP = NO;
				DEBUG_INFORMATION_FORMAT = dwarf;
				DEVELOPMENT_TEAM = P537YFZQKL;
				ENABLE_STRICT_OBJC_MSGSEND = YES;
				ENABLE_TESTABILITY = YES;
				ENABLE_USER_SCRIPT_SANDBOXING = YES;
				GCC_C_LANGUAGE_STANDARD = gnu17;
				GCC_DYNAMIC_NO_PIC = NO;
				GCC_NO_COMMON_BLOCKS = YES;
				GCC_OPTIMIZATION_LEVEL = 0;
				GCC_PREPROCESSOR_DEFINITIONS = (
					"DEBUG=1",
					"$(inherited)",
				);
				GCC_WARN_64_TO_32_BIT_CONVERSION = YES;
				GCC_WARN_ABOUT_RETURN_TYPE = YES_ERROR;
				GCC_WARN_UNDECLARED_SELECTOR = YES;
				GCC_WARN_UNINITIALIZED_AUTOS = YES_AGGRESSIVE;
				GCC_WARN_UNUSED_FUNCTION = YES;
				GCC_WARN_UNUSED_VARIABLE = YES;
				IPHONEOS_DEPLOYMENT_TARGET = 26.4;
				LOCALIZATION_PREFERS_STRING_CATALOGS = YES;
				MTL_ENABLE_DEBUG_INFO = INCLUDE_SOURCE;
				MTL_FAST_MATH = YES;
				ONLY_ACTIVE_ARCH = YES;
				SDKROOT = iphoneos;
				SWIFT_ACTIVE_COMPILATION_CONDITIONS = "DEBUG $(inherited)";
				SWIFT_OPTIMIZATION_LEVEL = "-Onone";
			};
			name = Debug;
		};
		65683B7C2F84275F00B6A903 /* Release */ = {
			isa = XCBuildConfiguration;
			buildSettings = {
				ALWAYS_SEARCH_USER_PATHS = NO;
				ASSETCATALOG_COMPILER_GENERATE_SWIFT_ASSET_SYMBOL_EXTENSIONS = YES;
				CLANG_ANALYZER_NONNULL = YES;
				CLANG_ANALYZER_NUMBER_OBJECT_CONVERSION = YES_AGGRESSIVE;
				CLANG_CXX_LANGUAGE_STANDARD = "gnu++20";
				CLANG_ENABLE_MODULES = YES;
				CLANG_ENABLE_OBJC_ARC = YES;
				CLANG_ENABLE_OBJC_WEAK = YES;
				CLANG_WARN_BLOCK_CAPTURE_AUTORELEASING = YES;
				CLANG_WARN_BOOL_CONVERSION = YES;
				CLANG_WARN_COMMA = YES;
				CLANG_WARN_CONSTANT_CONVERSION = YES;
				CLANG_WARN_DEPRECATED_OBJC_IMPLEMENTATIONS = YES;
				CLANG_WARN_DIRECT_OBJC_ISA_USAGE = YES_ERROR;
				CLANG_WARN_DOCUMENTATION_COMMENTS = YES;
				CLANG_WARN_EMPTY_BODY = YES;
				CLANG_WARN_ENUM_CONVERSION = YES;
				CLANG_WARN_INFINITE_RECURSION = YES;
				CLANG_WARN_INT_CONVERSION = YES;
				CLANG_WARN_NON_LITERAL_NULL_CONVERSION = YES;
				CLANG_WARN_OBJC_IMPLICIT_RETAIN_SELF = YES;
				CLANG_WARN_OBJC_LITERAL_CONVERSION = YES;
				CLANG_WARN_OBJC_ROOT_CLASS = YES_ERROR;
				CLANG_WARN_QUOTED_INCLUDE_IN_FRAMEWORK_HEADER = YES;
				CLANG_WARN_RANGE_LOOP_ANALYSIS = YES;
				CLANG_WARN_STRICT_PROTOTYPES = YES;
				CLANG_WARN_SUSPICIOUS_MOVE = YES;
				CLANG_WARN_UNGUARDED_AVAILABILITY = YES_AGGRESSIVE;
				CLANG_WARN_UNREACHABLE_CODE = YES;
				CLANG_WARN__DUPLICATE_METHOD_MATCH = YES;
				COPY_PHASE_STRIP = NO;
				DEBUG_INFORMATION_FORMAT = "dwarf-with-dsym";
				DEVELOPMENT_TEAM = P537YFZQKL;
				ENABLE_NS_ASSERTIONS = NO;
				ENABLE_STRICT_OBJC_MSGSEND = YES;
				ENABLE_USER_SCRIPT_SANDBOXING = YES;
				GCC_C_LANGUAGE_STANDARD = gnu17;
				GCC_NO_COMMON_BLOCKS = YES;
				GCC_WARN_64_TO_32_BIT_CONVERSION = YES;
				GCC_WARN_ABOUT_RETURN_TYPE = YES_ERROR;
				GCC_WARN_UNDECLARED_SELECTOR = YES;
				GCC_WARN_UNINITIALIZED_AUTOS = YES_AGGRESSIVE;
				GCC_WARN_UNUSED_FUNCTION = YES;
				GCC_WARN_UNUSED_VARIABLE = YES;
				IPHONEOS_DEPLOYMENT_TARGET = 26.4;
				LOCALIZATION_PREFERS_STRING_CATALOGS = YES;
				MTL_ENABLE_DEBUG_INFO = NO;
				MTL_FAST_MATH = YES;
				SDKROOT = iphoneos;
				SWIFT_COMPILATION_MODE = wholemodule;
				VALIDATE_PRODUCT = YES;
			};
			name = Release;
		};
		65683B7E2F84275F00B6A903 /* Debug */ = {
			isa = XCBuildConfiguration;
			buildSettings = {
				ASSETCATALOG_COMPILER_APPICON_NAME = AppIcon;
				ASSETCATALOG_COMPILER_GLOBAL_ACCENT_COLOR_NAME = AccentColor;
				CODE_SIGN_STYLE = Automatic;
				CURRENT_PROJECT_VERSION = 1;
				DEVELOPMENT_TEAM = P537YFZQKL;
				ENABLE_PREVIEWS = YES;
				ENABLE_USER_SCRIPT_SANDBOXING = NO;
				GENERATE_INFOPLIST_FILE = YES;
				INFOPLIST_KEY_UIApplicationSceneManifest_Generation = YES;
				INFOPLIST_KEY_UIApplicationSupportsIndirectInputEvents = YES;
				INFOPLIST_KEY_UILaunchScreen_Generation = YES;
				INFOPLIST_KEY_UISupportedInterfaceOrientations_iPad = "UIInterfaceOrientationPortrait UIInterfaceOrientationPortraitUpsideDown UIInterfaceOrientationLandscapeLeft UIInterfaceOrientationLandscapeRight";
				INFOPLIST_KEY_UISupportedInterfaceOrientations_iPhone = "UIInterfaceOrientationPortrait UIInterfaceOrientationLandscapeLeft UIInterfaceOrientationLandscapeRight";
				LD_RUNPATH_SEARCH_PATHS = (
					"$(inherited)",
					"@executable_path/Frameworks",
				);
				MARKETING_VERSION = 1.0;
				PRODUCT_BUNDLE_IDENTIFIER = com.paradox543.MalankaraOrthodoxLiturgica;
				PRODUCT_NAME = "$(TARGET_NAME)";
				STRING_CATALOG_GENERATE_SYMBOLS = YES;
				SWIFT_APPROACHABLE_CONCURRENCY = YES;
				SWIFT_DEFAULT_ACTOR_ISOLATION = MainActor;
				SWIFT_EMIT_LOC_STRINGS = YES;
				SWIFT_UPCOMING_FEATURE_MEMBER_IMPORT_VISIBILITY = YES;
				SWIFT_VERSION = 5.0;
				TARGETED_DEVICE_FAMILY = "1,2";
			};
			name = Debug;
		};
		65683B7F2F84275F00B6A903 /* Release */ = {
			isa = XCBuildConfiguration;
			buildSettings = {
				ASSETCATALOG_COMPILER_APPICON_NAME = AppIcon;
				ASSETCATALOG_COMPILER_GLOBAL_ACCENT_COLOR_NAME = AccentColor;
				CODE_SIGN_STYLE = Automatic;
				CURRENT_PROJECT_VERSION = 1;
				DEVELOPMENT_TEAM = P537YFZQKL;
				ENABLE_PREVIEWS = YES;
				ENABLE_USER_SCRIPT_SANDBOXING = NO;
				GENERATE_INFOPLIST_FILE = YES;
				INFOPLIST_KEY_UIApplicationSceneManifest_Generation = YES;
				INFOPLIST_KEY_UIApplicationSupportsIndirectInputEvents = YES;
				INFOPLIST_KEY_UILaunchScreen_Generation = YES;
				INFOPLIST_KEY_UISupportedInterfaceOrientations_iPad = "UIInterfaceOrientationPortrait UIInterfaceOrientationPortraitUpsideDown UIInterfaceOrientationLandscapeLeft UIInterfaceOrientationLandscapeRight";
				INFOPLIST_KEY_UISupportedInterfaceOrientations_iPhone = "UIInterfaceOrientationPortrait UIInterfaceOrientationLandscapeLeft UIInterfaceOrientationLandscapeRight";
				LD_RUNPATH_SEARCH_PATHS = (
					"$(inherited)",
					"@executable_path/Frameworks",
				);
				MARKETING_VERSION = 1.0;
				PRODUCT_BUNDLE_IDENTIFIER = com.paradox543.MalankaraOrthodoxLiturgica;
				PRODUCT_NAME = "$(TARGET_NAME)";
				STRING_CATALOG_GENERATE_SYMBOLS = YES;
				SWIFT_APPROACHABLE_CONCURRENCY = YES;
				SWIFT_DEFAULT_ACTOR_ISOLATION = MainActor;
				SWIFT_EMIT_LOC_STRINGS = YES;
				SWIFT_UPCOMING_FEATURE_MEMBER_IMPORT_VISIBILITY = YES;
				SWIFT_VERSION = 5.0;
				TARGETED_DEVICE_FAMILY = "1,2";
			};
			name = Release;
		};
		65683B812F84275F00B6A903 /* Debug */ = {
			isa = XCBuildConfiguration;
			buildSettings = {
				BUNDLE_LOADER = "$(TEST_HOST)";
				CODE_SIGN_STYLE = Automatic;
				CURRENT_PROJECT_VERSION = 1;
				DEVELOPMENT_TEAM = P537YFZQKL;
				GENERATE_INFOPLIST_FILE = YES;
				IPHONEOS_DEPLOYMENT_TARGET = 26.4;
				MARKETING_VERSION = 1.0;
				PRODUCT_BUNDLE_IDENTIFIER = com.paradox543.MalankaraOrthodoxLiturgicaTests;
				PRODUCT_NAME = "$(TARGET_NAME)";
				STRING_CATALOG_GENERATE_SYMBOLS = NO;
				SWIFT_APPROACHABLE_CONCURRENCY = YES;
				SWIFT_EMIT_LOC_STRINGS = NO;
				SWIFT_UPCOMING_FEATURE_MEMBER_IMPORT_VISIBILITY = YES;
				SWIFT_VERSION = 5.0;
				TARGETED_DEVICE_FAMILY = "1,2";
				TEST_HOST = "$(BUILT_PRODUCTS_DIR)/MalankaraOrthodoxLiturgica.app/$(BUNDLE_EXECUTABLE_FOLDER_PATH)/MalankaraOrthodoxLiturgica";
			};
			name = Debug;
		};
		65683B822F84275F00B6A903 /* Release */ = {
			isa = XCBuildConfiguration;
			buildSettings = {
				BUNDLE_LOADER = "$(TEST_HOST)";
				CODE_SIGN_STYLE = Automatic;
				CURRENT_PROJECT_VERSION = 1;
				DEVELOPMENT_TEAM = P537YFZQKL;
				GENERATE_INFOPLIST_FILE = YES;
				IPHONEOS_DEPLOYMENT_TARGET = 26.4;
				MARKETING_VERSION = 1.0;
				PRODUCT_BUNDLE_IDENTIFIER = com.paradox543.MalankaraOrthodoxLiturgicaTests;
				PRODUCT_NAME = "$(TARGET_NAME)";
				STRING_CATALOG_GENERATE_SYMBOLS = NO;
				SWIFT_APPROACHABLE_CONCURRENCY = YES;
				SWIFT_EMIT_LOC_STRINGS = NO;
				SWIFT_UPCOMING_FEATURE_MEMBER_IMPORT_VISIBILITY = YES;
				SWIFT_VERSION = 5.0;
				TARGETED_DEVICE_FAMILY = "1,2";
				TEST_HOST = "$(BUILT_PRODUCTS_DIR)/MalankaraOrthodoxLiturgica.app/$(BUNDLE_EXECUTABLE_FOLDER_PATH)/MalankaraOrthodoxLiturgica";
			};
			name = Release;
		};
		65683B842F84275F00B6A903 /* Debug */ = {
			isa = XCBuildConfiguration;
			buildSettings = {
				CODE_SIGN_STYLE = Automatic;
				CURRENT_PROJECT_VERSION = 1;
				DEVELOPMENT_TEAM = P537YFZQKL;
				GENERATE_INFOPLIST_FILE = YES;
				MARKETING_VERSION = 1.0;
				PRODUCT_BUNDLE_IDENTIFIER = com.paradox543.MalankaraOrthodoxLiturgicaUITests;
				PRODUCT_NAME = "$(TARGET_NAME)";
				STRING_CATALOG_GENERATE_SYMBOLS = NO;
				SWIFT_APPROACHABLE_CONCURRENCY = YES;
				SWIFT_EMIT_LOC_STRINGS = NO;
				SWIFT_UPCOMING_FEATURE_MEMBER_IMPORT_VISIBILITY = YES;
				SWIFT_VERSION = 5.0;
				TARGETED_DEVICE_FAMILY = "1,2";
				TEST_TARGET_NAME = MalankaraOrthodoxLiturgica;
			};
			name = Debug;
		};
		65683B852F84275F00B6A903 /* Release */ = {
			isa = XCBuildConfiguration;
			buildSettings = {
				CODE_SIGN_STYLE = Automatic;
				CURRENT_PROJECT_VERSION = 1;
				DEVELOPMENT_TEAM = P537YFZQKL;
				GENERATE_INFOPLIST_FILE = YES;
				MARKETING_VERSION = 1.0;
				PRODUCT_BUNDLE_IDENTIFIER = com.paradox543.MalankaraOrthodoxLiturgicaUITests;
				PRODUCT_NAME = "$(TARGET_NAME)";
				STRING_CATALOG_GENERATE_SYMBOLS = NO;
				SWIFT_APPROACHABLE_CONCURRENCY = YES;
				SWIFT_EMIT_LOC_STRINGS = NO;
				SWIFT_UPCOMING_FEATURE_MEMBER_IMPORT_VISIBILITY = YES;
				SWIFT_VERSION = 5.0;
				TARGETED_DEVICE_FAMILY = "1,2";
				TEST_TARGET_NAME = MalankaraOrthodoxLiturgica;
			};
			name = Release;
		};
/* End XCBuildConfiguration section */

/* Begin XCConfigurationList section */
		65683B572F84275C00B6A903 /* Build configuration list for PBXProject "MalankaraOrthodoxLiturgica" */ = {
			isa = XCConfigurationList;
			buildConfigurations = (
				65683B7B2F84275F00B6A903 /* Debug */,
				65683B7C2F84275F00B6A903 /* Release */,
			);
			defaultConfigurationIsVisible = 0;
			defaultConfigurationName = Release;
		};
		65683B7D2F84275F00B6A903 /* Build configuration list for PBXNativeTarget "MalankaraOrthodoxLiturgica" */ = {
			isa = XCConfigurationList;
			buildConfigurations = (
				65683B7E2F84275F00B6A903 /* Debug */,
				65683B7F2F84275F00B6A903 /* Release */,
			);
			defaultConfigurationIsVisible = 0;
			defaultConfigurationName = Release;
		};
		65683B802F84275F00B6A903 /* Build configuration list for PBXNativeTarget "MalankaraOrthodoxLiturgicaTests" */ = {
			isa = XCConfigurationList;
			buildConfigurations = (
				65683B812F84275F00B6A903 /* Debug */,
				65683B822F84275F00B6A903 /* Release */,
			);
			defaultConfigurationIsVisible = 0;
			defaultConfigurationName = Release;
		};
		65683B832F84275F00B6A903 /* Build configuration list for PBXNativeTarget "MalankaraOrthodoxLiturgicaUITests" */ = {
			isa = XCConfigurationList;
			buildConfigurations = (
				65683B842F84275F00B6A903 /* Debug */,
				65683B852F84275F00B6A903 /* Release */,
			);
			defaultConfigurationIsVisible = 0;
			defaultConfigurationName = Release;
		};
/* End XCConfigurationList section */
	};
	rootObject = 65683B542F84275C00B6A903 /* Project object */;
}
