// !$*UTF8*$!
{
	archiveVersion = 1;
	classes = {
	};
	objectVersion = 77;
	objects = {

/* Begin PBXContainerItemProxy section */
		65C95B862F82CEF500069A23 /* PBXContainerItemProxy */ = {
			isa = PBXContainerItemProxy;
			containerPortal = 65C95B702F82CEF200069A23 /* Project object */;
			proxyType = 1;
			remoteGlobalIDString = 65C95B772F82CEF200069A23;
			remoteInfo = MalankaraOrthodoxLiturgica;
		};
		65C95B902F82CEF500069A23 /* PBXContainerItemProxy */ = {
			isa = PBXContainerItemProxy;
			containerPortal = 65C95B702F82CEF200069A23 /* Project object */;
			proxyType = 1;
			remoteGlobalIDString = 65C95B772F82CEF200069A23;
			remoteInfo = MalankaraOrthodoxLiturgica;
		};
/* End PBXContainerItemProxy section */

/* Begin PBXFileReference section */
		65C95B782F82CEF300069A23 /* MalankaraOrthodoxLiturgica.app */ = {isa = PBXFileReference; explicitFileType = wrapper.application; includeInIndex = 0; path = MalankaraOrthodoxLiturgica.app; sourceTree = BUILT_PRODUCTS_DIR; };
		65C95B852F82CEF500069A23 /* MalankaraOrthodoxLiturgicaTests.xctest */ = {isa = PBXFileReference; explicitFileType = wrapper.cfbundle; includeInIndex = 0; path = MalankaraOrthodoxLiturgicaTests.xctest; sourceTree = BUILT_PRODUCTS_DIR; };
		65C95B8F2F82CEF500069A23 /* MalankaraOrthodoxLiturgicaUITests.xctest */ = {isa = PBXFileReference; explicitFileType = wrapper.cfbundle; includeInIndex = 0; path = MalankaraOrthodoxLiturgicaUITests.xctest; sourceTree = BUILT_PRODUCTS_DIR; };
/* End PBXFileReference section */

/* Begin PBXFileSystemSynchronizedRootGroup section */
		65C95B7A2F82CEF300069A23 /* MalankaraOrthodoxLiturgica */ = {
			isa = PBXFileSystemSynchronizedRootGroup;
			path = MalankaraOrthodoxLiturgica;
			sourceTree = "<group>";
		};
		65C95B882F82CEF500069A23 /* MalankaraOrthodoxLiturgicaTests */ = {
			isa = PBXFileSystemSynchronizedRootGroup;
			path = MalankaraOrthodoxLiturgicaTests;
			sourceTree = "<group>";
		};
		65C95B922F82CEF500069A23 /* MalankaraOrthodoxLiturgicaUITests */ = {
			isa = PBXFileSystemSynchronizedRootGroup;
			path = MalankaraOrthodoxLiturgicaUITests;
			sourceTree = "<group>";
		};
/* End PBXFileSystemSynchronizedRootGroup section */

/* Begin PBXFrameworksBuildPhase section */
		65C95B752F82CEF200069A23 /* Frameworks */ = {
			isa = PBXFrameworksBuildPhase;
			buildActionMask = 2147483647;
			files = (
			);
			runOnlyForDeploymentPostprocessing = 0;
		};
		65C95B822F82CEF500069A23 /* Frameworks */ = {
			isa = PBXFrameworksBuildPhase;
			buildActionMask = 2147483647;
			files = (
			);
			runOnlyForDeploymentPostprocessing = 0;
		};
		65C95B8C2F82CEF500069A23 /* Frameworks */ = {
			isa = PBXFrameworksBuildPhase;
			buildActionMask = 2147483647;
			files = (
			);
			runOnlyForDeploymentPostprocessing = 0;
		};
/* End PBXFrameworksBuildPhase section */

/* Begin PBXGroup section */
		65C95B6F2F82CEF200069A23 = {
			isa = PBXGroup;
			children = (
				65C95B7A2F82CEF300069A23 /* MalankaraOrthodoxLiturgica */,
				65C95B882F82CEF500069A23 /* MalankaraOrthodoxLiturgicaTests */,
				65C95B922F82CEF500069A23 /* MalankaraOrthodoxLiturgicaUITests */,
				65C95B792F82CEF300069A23 /* Products */,
			);
			sourceTree = "<group>";
		};
		65C95B792F82CEF300069A23 /* Products */ = {
			isa = PBXGroup;
			children = (
				65C95B782F82CEF300069A23 /* MalankaraOrthodoxLiturgica.app */,
				65C95B852F82CEF500069A23 /* MalankaraOrthodoxLiturgicaTests.xctest */,
				65C95B8F2F82CEF500069A23 /* MalankaraOrthodoxLiturgicaUITests.xctest */,
			);
			name = Products;
			sourceTree = "<group>";
		};
/* End PBXGroup section */

/* Begin PBXNativeTarget section */
		65C95B772F82CEF200069A23 /* MalankaraOrthodoxLiturgica */ = {
			isa = PBXNativeTarget;
			buildConfigurationList = 65C95B992F82CEF500069A23 /* Build configuration list for PBXNativeTarget "MalankaraOrthodoxLiturgica" */;
			buildPhases = (
				18B4C06FA7B73A42C62B6424 /* Compile Kotlin */,
				650C7AE22F82CFCA00AD8A69 /* ShellScript */,
				65C95B742F82CEF200069A23 /* Sources */,
				65C95B752F82CEF200069A23 /* Frameworks */,
				65C95B762F82CEF200069A23 /* Resources */,
			);
			buildRules = (
			);
			dependencies = (
			);
			fileSystemSynchronizedGroups = (
				65C95B7A2F82CEF300069A23 /* MalankaraOrthodoxLiturgica */,
			);
			name = MalankaraOrthodoxLiturgica;
			packageProductDependencies = (
			);
			productName = MalankaraOrthodoxLiturgica;
			productReference = 65C95B782F82CEF300069A23 /* MalankaraOrthodoxLiturgica.app */;
			productType = "com.apple.product-type.application";
		};
		65C95B842F82CEF500069A23 /* MalankaraOrthodoxLiturgicaTests */ = {
			isa = PBXNativeTarget;
			buildConfigurationList = 65C95B9C2F82CEF500069A23 /* Build configuration list for PBXNativeTarget "MalankaraOrthodoxLiturgicaTests" */;
			buildPhases = (
				65C95B812F82CEF500069A23 /* Sources */,
				65C95B822F82CEF500069A23 /* Frameworks */,
				65C95B832F82CEF500069A23 /* Resources */,
			);
			buildRules = (
			);
			dependencies = (
				65C95B872F82CEF500069A23 /* PBXTargetDependency */,
			);
			fileSystemSynchronizedGroups = (
				65C95B882F82CEF500069A23 /* MalankaraOrthodoxLiturgicaTests */,
			);
			name = MalankaraOrthodoxLiturgicaTests;
			packageProductDependencies = (
			);
			productName = MalankaraOrthodoxLiturgicaTests;
			productReference = 65C95B852F82CEF500069A23 /* MalankaraOrthodoxLiturgicaTests.xctest */;
			productType = "com.apple.product-type.bundle.unit-test";
		};
		65C95B8E2F82CEF500069A23 /* MalankaraOrthodoxLiturgicaUITests */ = {
			isa = PBXNativeTarget;
			buildConfigurationList = 65C95B9F2F82CEF500069A23 /* Build configuration list for PBXNativeTarget "MalankaraOrthodoxLiturgicaUITests" */;
			buildPhases = (
				65C95B8B2F82CEF500069A23 /* Sources */,
				65C95B8C2F82CEF500069A23 /* Frameworks */,
				65C95B8D2F82CEF500069A23 /* Resources */,
			);
			buildRules = (
			);
			dependencies = (
				65C95B912F82CEF500069A23 /* PBXTargetDependency */,
			);
			fileSystemSynchronizedGroups = (
				65C95B922F82CEF500069A23 /* MalankaraOrthodoxLiturgicaUITests */,
			);
			name = MalankaraOrthodoxLiturgicaUITests;
			packageProductDependencies = (
			);
			productName = MalankaraOrthodoxLiturgicaUITests;
			productReference = 65C95B8F2F82CEF500069A23 /* MalankaraOrthodoxLiturgicaUITests.xctest */;
			productType = "com.apple.product-type.bundle.ui-testing";
		};
/* End PBXNativeTarget section */

/* Begin PBXProject section */
		65C95B702F82CEF200069A23 /* Project object */ = {
			isa = PBXProject;
			attributes = {
				BuildIndependentTargetsInParallel = 1;
				LastSwiftUpdateCheck = 2640;
				LastUpgradeCheck = 2640;
				TargetAttributes = {
					65C95B772F82CEF200069A23 = {
						CreatedOnToolsVersion = 26.4;
					};
					65C95B842F82CEF500069A23 = {
						CreatedOnToolsVersion = 26.4;
						TestTargetID = 65C95B772F82CEF200069A23;
					};
					65C95B8E2F82CEF500069A23 = {
						CreatedOnToolsVersion = 26.4;
						TestTargetID = 65C95B772F82CEF200069A23;
					};
				};
			};
			buildConfigurationList = 65C95B732F82CEF200069A23 /* Build configuration list for PBXProject "MalankaraOrthodoxLiturgica" */;
			developmentRegion = en;
			hasScannedForEncodings = 0;
			knownRegions = (
				en,
				Base,
			);
			mainGroup = 65C95B6F2F82CEF200069A23;
			minimizedProjectReferenceProxies = 1;
			preferredProjectObjectVersion = 77;
			productRefGroup = 65C95B792F82CEF300069A23 /* Products */;
			projectDirPath = "";
			projectRoot = "";
			targets = (
				65C95B772F82CEF200069A23 /* MalankaraOrthodoxLiturgica */,
				65C95B842F82CEF500069A23 /* MalankaraOrthodoxLiturgicaTests */,
				65C95B8E2F82CEF500069A23 /* MalankaraOrthodoxLiturgicaUITests */,
			);
		};
/* End PBXProject section */

/* Begin PBXResourcesBuildPhase section */
		65C95B762F82CEF200069A23 /* Resources */ = {
			isa = PBXResourcesBuildPhase;
			buildActionMask = 2147483647;
			files = (
			);
			runOnlyForDeploymentPostprocessing = 0;
		};
		65C95B832F82CEF500069A23 /* Resources */ = {
			isa = PBXResourcesBuildPhase;
			buildActionMask = 2147483647;
			files = (
			);
			runOnlyForDeploymentPostprocessing = 0;
		};
		65C95B8D2F82CEF500069A23 /* Resources */ = {
			isa = PBXResourcesBuildPhase;
			buildActionMask = 2147483647;
			files = (
			);
			runOnlyForDeploymentPostprocessing = 0;
		};
/* End PBXResourcesBuildPhase section */

/* Begin PBXShellScriptBuildPhase section */
		18B4C06FA7B73A42C62B6424 /* Compile Kotlin */ = {
			isa = PBXShellScriptBuildPhase;
			buildActionMask = 2147483647;
			files = (
			);
			inputPaths = (
			);
			name = "Compile Kotlin";
			outputPaths = (
			);
			runOnlyForDeploymentPostprocessing = 0;
			shellPath = /bin/sh;
			shellScript = "if [ \"YES\" = \"$OVERRIDE_KOTLIN_BUILD_IDE_SUPPORTED\" ]; then\n  echo \"Skipping Gradle build task invocation due to OVERRIDE_KOTLIN_BUILD_IDE_SUPPORTED environment variable set to \\\"YES\\\"\"\n  exit 0\nfi\ncd \"$SRCROOT/..\"\n./gradlew :shared:embedAndSignAppleFrameworkForXcode";
		};
		650C7AE22F82CFCA00AD8A69 /* ShellScript */ = {
			isa = PBXShellScriptBuildPhase;
			alwaysOutOfDate = 1;
			buildActionMask = 2147483647;
			files = (
			);
			inputFileListPaths = (
			);
			inputPaths = (
			);
			outputFileListPaths = (
			);
			outputPaths = (
			);
			runOnlyForDeploymentPostprocessing = 0;
			shellPath = /bin/sh;
			shellScript = "if [ \"YES\" = \"$OVERRIDE_KOTLIN_BUILD_IDE_SUPPORTED\" ]; then\n  echo \"Skipping Gradle build task invocation due to OVERRIDE_KOTLIN_BUILD_IDE_SUPPORTED environment variable set to \\\"YES\\\"\"\n  exit 0\nfi\n# Type a script or drag a script file from your workspace to insert its path.\ncd \"$SRCROOT/..\"\n./gradlew :shared:embedAndSignAppleFrameworkForXcode\n";
		};
/* End PBXShellScriptBuildPhase section */

/* Begin PBXSourcesBuildPhase section */
		65C95B742F82CEF200069A23 /* Sources */ = {
			isa = PBXSourcesBuildPhase;
			buildActionMask = 2147483647;
			files = (
			);
			runOnlyForDeploymentPostprocessing = 0;
		};
		65C95B812F82CEF500069A23 /* Sources */ = {
			isa = PBXSourcesBuildPhase;
			buildActionMask = 2147483647;
			files = (
			);
			runOnlyForDeploymentPostprocessing = 0;
		};
		65C95B8B2F82CEF500069A23 /* Sources */ = {
			isa = PBXSourcesBuildPhase;
			buildActionMask = 2147483647;
			files = (
			);
			runOnlyForDeploymentPostprocessing = 0;
		};
/* End PBXSourcesBuildPhase section */

/* Begin PBXTargetDependency section */
		65C95B872F82CEF500069A23 /* PBXTargetDependency */ = {
			isa = PBXTargetDependency;
			target = 65C95B772F82CEF200069A23 /* MalankaraOrthodoxLiturgica */;
			targetProxy = 65C95B862F82CEF500069A23 /* PBXContainerItemProxy */;
		};
		65C95B912F82CEF500069A23 /* PBXTargetDependency */ = {
			isa = PBXTargetDependency;
			target = 65C95B772F82CEF200069A23 /* MalankaraOrthodoxLiturgica */;
			targetProxy = 65C95B902F82CEF500069A23 /* PBXContainerItemProxy */;
		};
/* End PBXTargetDependency section */

/* Begin XCBuildConfiguration section */
		65C95B972F82CEF500069A23 /* Debug */ = {
			isa = XCBuildConfiguration;
			buildSettings = {
				ALWAYS_SEARCH_USER_PATHS = NO;
				ASSETCATALOG_COMPILER_GENERATE_SWIFT_ASSET_SYMBOL_EXTENSIONS = YES;
				CLANG_ANALYZER_NONNULL = YES;
				CLANG_ANALYZER_NUMBER_OBJECT_CONVERSION = YES_AGGRESSIVE;
				CLANG_CXX_LANGUAGE_STANDARD = "gnu++20";
				CLANG_ENABLE_MODULES = YES;
				CLANG_ENABLE_OBJC_ARC = YES;
				CLANG_ENABLE_OBJC_WEAK = YES;
				CLANG_WARN_BLOCK_CAPTURE_AUTORELEASING = YES;
				CLANG_WARN_BOOL_CONVERSION = YES;
				CLANG_WARN_COMMA = YES;
				CLANG_WARN_CONSTANT_CONVERSION = YES;
				CLANG_WARN_DEPRECATED_OBJC_IMPLEMENTATIONS = YES;
				CLANG_WARN_DIRECT_OBJC_ISA_USAGE = YES_ERROR;
				CLANG_WARN_DOCUMENTATION_COMMENTS = YES;
				CLANG_WARN_EMPTY_BODY = YES;
				CLANG_WARN_ENUM_CONVERSION = YES;
				CLANG_WARN_INFINITE_RECURSION = YES;
				CLANG_WARN_INT_CONVERSION = YES;
				CLANG_WARN_NON_LITERAL_NULL_CONVERSION = YES;
				CLANG_WARN_OBJC_IMPLICIT_RETAIN_SELF = YES;
				CLANG_WARN_OBJC_LITERAL_CONVERSION = YES;
				CLANG_WARN_OBJC_ROOT_CLASS = YES_ERROR;
				CLANG_WARN_QUOTED_INCLUDE_IN_FRAMEWORK_HEADER = YES;
				CLANG_WARN_RANGE_LOOP_ANALYSIS = YES;
				CLANG_WARN_STRICT_PROTOTYPES = YES;
				CLANG_WARN_SUSPICIOUS_MOVE = YES;
				CLANG_WARN_UNGUARDED_AVAILABILITY = YES_AGGRESSIVE;
				CLANG_WARN_UNREACHABLE_CODE = YES;
				CLANG_WARN__DUPLICATE_METHOD_MATCH = YES;
				COPY_PHASE_STRIP = NO;
				DEBUG_INFORMATION_FORMAT = dwarf;
				DEVELOPMENT_TEAM = P537YFZQKL;
				ENABLE_STRICT_OBJC_MSGSEND = YES;
				ENABLE_TESTABILITY = YES;
				ENABLE_USER_SCRIPT_SANDBOXING = YES;
				GCC_C_LANGUAGE_STANDARD = gnu17;
				GCC_DYNAMIC_NO_PIC = NO;
				GCC_NO_COMMON_BLOCKS = YES;
				GCC_OPTIMIZATION_LEVEL = 0;
				GCC_PREPROCESSOR_DEFINITIONS = (
					"DEBUG=1",
					"$(inherited)",
				);
				GCC_WARN_64_TO_32_BIT_CONVERSION = YES;
				GCC_WARN_ABOUT_RETURN_TYPE = YES_ERROR;
				GCC_WARN_UNDECLARED_SELECTOR = YES;
				GCC_WARN_UNINITIALIZED_AUTOS = YES_AGGRESSIVE;
				GCC_WARN_UNUSED_FUNCTION = YES;
				GCC_WARN_UNUSED_VARIABLE = YES;
				IPHONEOS_DEPLOYMENT_TARGET = 26.4;
				LOCALIZATION_PREFERS_STRING_CATALOGS = YES;
				MTL_ENABLE_DEBUG_INFO = INCLUDE_SOURCE;
				MTL_FAST_MATH = YES;
				ONLY_ACTIVE_ARCH = YES;
				SDKROOT = iphoneos;
				SWIFT_ACTIVE_COMPILATION_CONDITIONS = "DEBUG $(inherited)";
				SWIFT_OPTIMIZATION_LEVEL = "-Onone";
			};
			name = Debug;
		};
		65C95B982F82CEF500069A23 /* Release */ = {
			isa = XCBuildConfiguration;
			buildSettings = {
				ALWAYS_SEARCH_USER_PATHS = NO;
				ASSETCATALOG_COMPILER_GENERATE_SWIFT_ASSET_SYMBOL_EXTENSIONS = YES;
				CLANG_ANALYZER_NONNULL = YES;
				CLANG_ANALYZER_NUMBER_OBJECT_CONVERSION = YES_AGGRESSIVE;
				CLANG_CXX_LANGUAGE_STANDARD = "gnu++20";
				CLANG_ENABLE_MODULES = YES;
				CLANG_ENABLE_OBJC_ARC = YES;
				CLANG_ENABLE_OBJC_WEAK = YES;
				CLANG_WARN_BLOCK_CAPTURE_AUTORELEASING = YES;
				CLANG_WARN_BOOL_CONVERSION = YES;
				CLANG_WARN_COMMA = YES;
				CLANG_WARN_CONSTANT_CONVERSION = YES;
				CLANG_WARN_DEPRECATED_OBJC_IMPLEMENTATIONS = YES;
				CLANG_WARN_DIRECT_OBJC_ISA_USAGE = YES_ERROR;
				CLANG_WARN_DOCUMENTATION_COMMENTS = YES;
				CLANG_WARN_EMPTY_BODY = YES;
				CLANG_WARN_ENUM_CONVERSION = YES;
				CLANG_WARN_INFINITE_RECURSION = YES;
				CLANG_WARN_INT_CONVERSION = YES;
				CLANG_WARN_NON_LITERAL_NULL_CONVERSION = YES;
				CLANG_WARN_OBJC_IMPLICIT_RETAIN_SELF = YES;
				CLANG_WARN_OBJC_LITERAL_CONVERSION = YES;
				CLANG_WARN_OBJC_ROOT_CLASS = YES_ERROR;
				CLANG_WARN_QUOTED_INCLUDE_IN_FRAMEWORK_HEADER = YES;
				CLANG_WARN_RANGE_LOOP_ANALYSIS = YES;
				CLANG_WARN_STRICT_PROTOTYPES = YES;
				CLANG_WARN_SUSPICIOUS_MOVE = YES;
				CLANG_WARN_UNGUARDED_AVAILABILITY = YES_AGGRESSIVE;
				CLANG_WARN_UNREACHABLE_CODE = YES;
				CLANG_WARN__DUPLICATE_METHOD_MATCH = YES;
				COPY_PHASE_STRIP = NO;
				DEBUG_INFORMATION_FORMAT = "dwarf-with-dsym";
				DEVELOPMENT_TEAM = P537YFZQKL;
				ENABLE_NS_ASSERTIONS = NO;
				ENABLE_STRICT_OBJC_MSGSEND = YES;
				ENABLE_USER_SCRIPT_SANDBOXING = YES;
				GCC_C_LANGUAGE_STANDARD = gnu17;
				GCC_NO_COMMON_BLOCKS = YES;
				GCC_WARN_64_TO_32_BIT_CONVERSION = YES;
				GCC_WARN_ABOUT_RETURN_TYPE = YES_ERROR;
				GCC_WARN_UNDECLARED_SELECTOR = YES;
				GCC_WARN_UNINITIALIZED_AUTOS = YES_AGGRESSIVE;
				GCC_WARN_UNUSED_FUNCTION = YES;
				GCC_WARN_UNUSED_VARIABLE = YES;
				IPHONEOS_DEPLOYMENT_TARGET = 26.4;
				LOCALIZATION_PREFERS_STRING_CATALOGS = YES;
				MTL_ENABLE_DEBUG_INFO = NO;
				MTL_FAST_MATH = YES;
				SDKROOT = iphoneos;
				SWIFT_COMPILATION_MODE = wholemodule;
				VALIDATE_PRODUCT = YES;
			};
			name = Release;
		};
		65C95B9A2F82CEF500069A23 /* Debug */ = {
			isa = XCBuildConfiguration;
			buildSettings = {
				ASSETCATALOG_COMPILER_APPICON_NAME = AppIcon;
				ASSETCATALOG_COMPILER_GLOBAL_ACCENT_COLOR_NAME = AccentColor;
				CODE_SIGN_STYLE = Automatic;
				CURRENT_PROJECT_VERSION = 1;
				DEVELOPMENT_TEAM = P537YFZQKL;
				ENABLE_PREVIEWS = YES;
				ENABLE_USER_SCRIPT_SANDBOXING = NO;
				GENERATE_INFOPLIST_FILE = YES;
				INFOPLIST_KEY_UIApplicationSceneManifest_Generation = YES;
				INFOPLIST_KEY_UIApplicationSupportsIndirectInputEvents = YES;
				INFOPLIST_KEY_UILaunchScreen_Generation = YES;
				INFOPLIST_KEY_UISupportedInterfaceOrientations_iPad = "UIInterfaceOrientationPortrait UIInterfaceOrientationPortraitUpsideDown UIInterfaceOrientationLandscapeLeft UIInterfaceOrientationLandscapeRight";
				INFOPLIST_KEY_UISupportedInterfaceOrientations_iPhone = "UIInterfaceOrientationPortrait UIInterfaceOrientationLandscapeLeft UIInterfaceOrientationLandscapeRight";
				LD_RUNPATH_SEARCH_PATHS = (
					"$(inherited)",
					"@executable_path/Frameworks",
				);
				MARKETING_VERSION = 1.0;
				PRODUCT_BUNDLE_IDENTIFIER = paradox543.MalankaraOrthodoxLiturgica;
				PRODUCT_NAME = "$(TARGET_NAME)";
				STRING_CATALOG_GENERATE_SYMBOLS = YES;
				SWIFT_APPROACHABLE_CONCURRENCY = YES;
				SWIFT_DEFAULT_ACTOR_ISOLATION = MainActor;
				SWIFT_EMIT_LOC_STRINGS = YES;
				SWIFT_UPCOMING_FEATURE_MEMBER_IMPORT_VISIBILITY = YES;
				SWIFT_VERSION = 5.0;
				TARGETED_DEVICE_FAMILY = "1,2";
			};
			name = Debug;
		};
		65C95B9B2F82CEF500069A23 /* Release */ = {
			isa = XCBuildConfiguration;
			buildSettings = {
				ASSETCATALOG_COMPILER_APPICON_NAME = AppIcon;
				ASSETCATALOG_COMPILER_GLOBAL_ACCENT_COLOR_NAME = AccentColor;
				CODE_SIGN_STYLE = Automatic;
				CURRENT_PROJECT_VERSION = 1;
				DEVELOPMENT_TEAM = P537YFZQKL;
				ENABLE_PREVIEWS = YES;
				ENABLE_USER_SCRIPT_SANDBOXING = NO;
				GENERATE_INFOPLIST_FILE = YES;
				INFOPLIST_KEY_UIApplicationSceneManifest_Generation = YES;
				INFOPLIST_KEY_UIApplicationSupportsIndirectInputEvents = YES;
				INFOPLIST_KEY_UILaunchScreen_Generation = YES;
				INFOPLIST_KEY_UISupportedInterfaceOrientations_iPad = "UIInterfaceOrientationPortrait UIInterfaceOrientationPortraitUpsideDown UIInterfaceOrientationLandscapeLeft UIInterfaceOrientationLandscapeRight";
				INFOPLIST_KEY_UISupportedInterfaceOrientations_iPhone = "UIInterfaceOrientationPortrait UIInterfaceOrientationLandscapeLeft UIInterfaceOrientationLandscapeRight";
				LD_RUNPATH_SEARCH_PATHS = (
					"$(inherited)",
					"@executable_path/Frameworks",
				);
				MARKETING_VERSION = 1.0;
				PRODUCT_BUNDLE_IDENTIFIER = paradox543.MalankaraOrthodoxLiturgica;
				PRODUCT_NAME = "$(TARGET_NAME)";
				STRING_CATALOG_GENERATE_SYMBOLS = YES;
				SWIFT_APPROACHABLE_CONCURRENCY = YES;
				SWIFT_DEFAULT_ACTOR_ISOLATION = MainActor;
				SWIFT_EMIT_LOC_STRINGS = YES;
				SWIFT_UPCOMING_FEATURE_MEMBER_IMPORT_VISIBILITY = YES;
				SWIFT_VERSION = 5.0;
				TARGETED_DEVICE_FAMILY = "1,2";
			};
			name = Release;
		};
		65C95B9D2F82CEF500069A23 /* Debug */ = {
			isa = XCBuildConfiguration;
			buildSettings = {
				BUNDLE_LOADER = "$(TEST_HOST)";
				CODE_SIGN_STYLE = Automatic;
				CURRENT_PROJECT_VERSION = 1;
				DEVELOPMENT_TEAM = P537YFZQKL;
				GENERATE_INFOPLIST_FILE = YES;
				IPHONEOS_DEPLOYMENT_TARGET = 26.4;
				MARKETING_VERSION = 1.0;
				PRODUCT_BUNDLE_IDENTIFIER = paradox543.MalankaraOrthodoxLiturgicaTests;
				PRODUCT_NAME = "$(TARGET_NAME)";
				STRING_CATALOG_GENERATE_SYMBOLS = NO;
				SWIFT_APPROACHABLE_CONCURRENCY = YES;
				SWIFT_EMIT_LOC_STRINGS = NO;
				SWIFT_UPCOMING_FEATURE_MEMBER_IMPORT_VISIBILITY = YES;
				SWIFT_VERSION = 5.0;
				TARGETED_DEVICE_FAMILY = "1,2";
				TEST_HOST = "$(BUILT_PRODUCTS_DIR)/MalankaraOrthodoxLiturgica.app/$(BUNDLE_EXECUTABLE_FOLDER_PATH)/MalankaraOrthodoxLiturgica";
			};
			name = Debug;
		};
		65C95B9E2F82CEF500069A23 /* Release */ = {
			isa = XCBuildConfiguration;
			buildSettings = {
				BUNDLE_LOADER = "$(TEST_HOST)";
				CODE_SIGN_STYLE = Automatic;
				CURRENT_PROJECT_VERSION = 1;
				DEVELOPMENT_TEAM = P537YFZQKL;
				GENERATE_INFOPLIST_FILE = YES;
				IPHONEOS_DEPLOYMENT_TARGET = 26.4;
				MARKETING_VERSION = 1.0;
				PRODUCT_BUNDLE_IDENTIFIER = paradox543.MalankaraOrthodoxLiturgicaTests;
				PRODUCT_NAME = "$(TARGET_NAME)";
				STRING_CATALOG_GENERATE_SYMBOLS = NO;
				SWIFT_APPROACHABLE_CONCURRENCY = YES;
				SWIFT_EMIT_LOC_STRINGS = NO;
				SWIFT_UPCOMING_FEATURE_MEMBER_IMPORT_VISIBILITY = YES;
				SWIFT_VERSION = 5.0;
				TARGETED_DEVICE_FAMILY = "1,2";
				TEST_HOST = "$(BUILT_PRODUCTS_DIR)/MalankaraOrthodoxLiturgica.app/$(BUNDLE_EXECUTABLE_FOLDER_PATH)/MalankaraOrthodoxLiturgica";
			};
			name = Release;
		};
		65C95BA02F82CEF500069A23 /* Debug */ = {
			isa = XCBuildConfiguration;
			buildSettings = {
				CODE_SIGN_STYLE = Automatic;
				CURRENT_PROJECT_VERSION = 1;
				DEVELOPMENT_TEAM = P537YFZQKL;
				GENERATE_INFOPLIST_FILE = YES;
				MARKETING_VERSION = 1.0;
				PRODUCT_BUNDLE_IDENTIFIER = paradox543.MalankaraOrthodoxLiturgicaUITests;
				PRODUCT_NAME = "$(TARGET_NAME)";
				STRING_CATALOG_GENERATE_SYMBOLS = NO;
				SWIFT_APPROACHABLE_CONCURRENCY = YES;
				SWIFT_EMIT_LOC_STRINGS = NO;
				SWIFT_UPCOMING_FEATURE_MEMBER_IMPORT_VISIBILITY = YES;
				SWIFT_VERSION = 5.0;
				TARGETED_DEVICE_FAMILY = "1,2";
				TEST_TARGET_NAME = MalankaraOrthodoxLiturgica;
			};
			name = Debug;
		};
		65C95BA12F82CEF500069A23 /* Release */ = {
			isa = XCBuildConfiguration;
			buildSettings = {
				CODE_SIGN_STYLE = Automatic;
				CURRENT_PROJECT_VERSION = 1;
				DEVELOPMENT_TEAM = P537YFZQKL;
				GENERATE_INFOPLIST_FILE = YES;
				MARKETING_VERSION = 1.0;
				PRODUCT_BUNDLE_IDENTIFIER = paradox543.MalankaraOrthodoxLiturgicaUITests;
				PRODUCT_NAME = "$(TARGET_NAME)";
				STRING_CATALOG_GENERATE_SYMBOLS = NO;
				SWIFT_APPROACHABLE_CONCURRENCY = YES;
				SWIFT_EMIT_LOC_STRINGS = NO;
				SWIFT_UPCOMING_FEATURE_MEMBER_IMPORT_VISIBILITY = YES;
				SWIFT_VERSION = 5.0;
				TARGETED_DEVICE_FAMILY = "1,2";
				TEST_TARGET_NAME = MalankaraOrthodoxLiturgica;
			};
			name = Release;
		};
/* End XCBuildConfiguration section */

/* Begin XCConfigurationList section */
		65C95B732F82CEF200069A23 /* Build configuration list for PBXProject "MalankaraOrthodoxLiturgica" */ = {
			isa = XCConfigurationList;
			buildConfigurations = (
				65C95B972F82CEF500069A23 /* Debug */,
				65C95B982F82CEF500069A23 /* Release */,
			);
			defaultConfigurationIsVisible = 0;
			defaultConfigurationName = Release;
		};
		65C95B992F82CEF500069A23 /* Build configuration list for PBXNativeTarget "MalankaraOrthodoxLiturgica" */ = {
			isa = XCConfigurationList;
			buildConfigurations = (
				65C95B9A2F82CEF500069A23 /* Debug */,
				65C95B9B2F82CEF500069A23 /* Release */,
			);
			defaultConfigurationIsVisible = 0;
			defaultConfigurationName = Release;
		};
		65C95B9C2F82CEF500069A23 /* Build configuration list for PBXNativeTarget "MalankaraOrthodoxLiturgicaTests" */ = {
			isa = XCConfigurationList;
			buildConfigurations = (
				65C95B9D2F82CEF500069A23 /* Debug */,
				65C95B9E2F82CEF500069A23 /* Release */,
			);
			defaultConfigurationIsVisible = 0;
			defaultConfigurationName = Release;
		};
		65C95B9F2F82CEF500069A23 /* Build configuration list for PBXNativeTarget "MalankaraOrthodoxLiturgicaUITests" */ = {
			isa = XCConfigurationList;
			buildConfigurations = (
				65C95BA02F82CEF500069A23 /* Debug */,
				65C95BA12F82CEF500069A23 /* Release */,
			);
			defaultConfigurationIsVisible = 0;
			defaultConfigurationName = Release;
		};
/* End XCConfigurationList section */
	};
	rootObject = 65C95B702F82CEF200069A23 /* Project object */;
}
